// !$*UTF8*$!
{
	archiveVersion = 1;
	classes = {
	};
	objectVersion = 55;
	objects = {

/* Begin PBXBuildFile section */
		336CED2B28DC84E400C2D6C5 /* Article.swift in Sources */ = {isa = PBXBuildFile; fileRef = 336CED2A28DC84E400C2D6C5 /* Article.swift */; };
		336CED2E28DC8A3600C2D6C5 /* NewsTableViewCell.swift in Sources */ = {isa = PBXBuildFile; fileRef = 336CED2D28DC8A3500C2D6C5 /* NewsTableViewCell.swift */; };
		336CED3028DC937B00C2D6C5 /* URLRequest+Extensions.swift in Sources */ = {isa = PBXBuildFile; fileRef = 336CED2F28DC937B00C2D6C5 /* URLRequest+Extensions.swift */; };
		42EAC20428DBDCED0031CB0A /* AppDelegate.swift in Sources */ = {isa = PBXBuildFile; fileRef = 42EAC20328DBDCED0031CB0A /* AppDelegate.swift */; };
		42EAC20628DBDCED0031CB0A /* SceneDelegate.swift in Sources */ = {isa = PBXBuildFile; fileRef = 42EAC20528DBDCED0031CB0A /* SceneDelegate.swift */; };
		42EAC20828DBDCED0031CB0A /* HomeViewController.swift in Sources */ = {isa = PBXBuildFile; fileRef = 42EAC20728DBDCED0031CB0A /* HomeViewController.swift */; };
		42EAC20B28DBDCED0031CB0A /* Main.storyboard in Resources */ = {isa = PBXBuildFile; fileRef = 42EAC20928DBDCED0031CB0A /* Main.storyboard */; };
		42EAC20D28DBDCEF0031CB0A /* Assets.xcassets in Resources */ = {isa = PBXBuildFile; fileRef = 42EAC20C28DBDCEF0031CB0A /* Assets.xcassets */; };
		42EAC21028DBDCEF0031CB0A /* LaunchScreen.storyboard in Resources */ = {isa = PBXBuildFile; fileRef = 42EAC20E28DBDCEF0031CB0A /* LaunchScreen.storyboard */; };
		42EAC21928DBDD1B0031CB0A /* RxCocoa in Frameworks */ = {isa = PBXBuildFile; productRef = 42EAC21828DBDD1B0031CB0A /* RxCocoa */; };
		42EAC21B28DBDD1B0031CB0A /* RxSwift in Frameworks */ = {isa = PBXBuildFile; productRef = 42EAC21A28DBDD1B0031CB0A /* RxSwift */; };
/* End PBXBuildFile section */

/* Begin PBXFileReference section */
		336CED2A28DC84E400C2D6C5 /* Article.swift */ = {isa = PBXFileReference; lastKnownFileType = sourcecode.swift; path = Article.swift; sourceTree = "<group>"; };
		336CED2D28DC8A3500C2D6C5 /* NewsTableViewCell.swift */ = {isa = PBXFileReference; lastKnownFileType = sourcecode.swift; path = NewsTableViewCell.swift; sourceTree = "<group>"; };
		336CED2F28DC937B00C2D6C5 /* URLRequest+Extensions.swift */ = {isa = PBXFileReference; lastKnownFileType = sourcecode.swift; path = "URLRequest+Extensions.swift"; sourceTree = "<group>"; };
		42EAC20028DBDCED0031CB0A /* NewsApp.app */ = {isa = PBXFileReference; explicitFileType = wrapper.application; includeInIndex = 0; path = NewsApp.app; sourceTree = BUILT_PRODUCTS_DIR; };
		42EAC20328DBDCED0031CB0A /* AppDelegate.swift */ = {isa = PBXFileReference; lastKnownFileType = sourcecode.swift; path = AppDelegate.swift; sourceTree = "<group>"; };
		42EAC20528DBDCED0031CB0A /* SceneDelegate.swift */ = {isa = PBXFileReference; lastKnownFileType = sourcecode.swift; path = SceneDelegate.swift; sourceTree = "<group>"; };
		42EAC20728DBDCED0031CB0A /* HomeViewController.swift */ = {isa = PBXFileReference; lastKnownFileType = sourcecode.swift; path = HomeViewController.swift; sourceTree = "<group>"; };
		42EAC20A28DBDCED0031CB0A /* Base */ = {isa = PBXFileReference; lastKnownFileType = file.storyboard; name = Base; path = Base.lproj/Main.storyboard; sourceTree = "<group>"; };
		42EAC20C28DBDCEF0031CB0A /* Assets.xcassets */ = {isa = PBXFileReference; lastKnownFileType = folder.assetcatalog; path = Assets.xcassets; sourceTree = "<group>"; };
		42EAC20F28DBDCEF0031CB0A /* Base */ = {isa = PBXFileReference; lastKnownFileType = file.storyboard; name = Base; path = Base.lproj/LaunchScreen.storyboard; sourceTree = "<group>"; };
		42EAC21128DBDCEF0031CB0A /* Info.plist */ = {isa = PBXFileReference; lastKnownFileType = text.plist.xml; path = Info.plist; sourceTree = "<group>"; };
/* End PBXFileReference section */

/* Begin PBXFrameworksBuildPhase section */
		42EAC1FD28DBDCED0031CB0A /* Frameworks */ = {
			isa = PBXFrameworksBuildPhase;
			buildActionMask = 2147483647;
			files = (
				42EAC21B28DBDD1B0031CB0A /* RxSwift in Frameworks */,
				42EAC21928DBDD1B0031CB0A /* RxCocoa in Frameworks */,
			);
			runOnlyForDeploymentPostprocessing = 0;
		};
/* End PBXFrameworksBuildPhase section */

/* Begin PBXGroup section */
		336CED2C28DC84E700C2D6C5 /* Model */ = {
			isa = PBXGroup;
			children = (
				336CED2A28DC84E400C2D6C5 /* Article.swift */,
			);
			path = Model;
			sourceTree = "<group>";
		};
		336CED3128DCA0D500C2D6C5 /* View */ = {
			isa = PBXGroup;
			children = (
				336CED3428DCA10A00C2D6C5 /* Storyboard */,
				336CED3528DCA11500C2D6C5 /* Controller */,
				336CED3328DCA10100C2D6C5 /* Cell */,
			);
			path = View;
			sourceTree = "<group>";
		};
		336CED3228DCA0E000C2D6C5 /* Application */ = {
			isa = PBXGroup;
			children = (
				42EAC20528DBDCED0031CB0A /* SceneDelegate.swift */,
				42EAC20328DBDCED0031CB0A /* AppDelegate.swift */,
			);
			path = Application;
			sourceTree = "<group>";
		};
		336CED3328DCA10100C2D6C5 /* Cell */ = {
			isa = PBXGroup;
			children = (
				336CED2D28DC8A3500C2D6C5 /* NewsTableViewCell.swift */,
			);
			path = Cell;
			sourceTree = "<group>";
		};
		336CED3428DCA10A00C2D6C5 /* Storyboard */ = {
			isa = PBXGroup;
			children = (
				42EAC20928DBDCED0031CB0A /* Main.storyboard */,
			);
			path = Storyboard;
			sourceTree = "<group>";
		};
		336CED3528DCA11500C2D6C5 /* Controller */ = {
			isa = PBXGroup;
			children = (
				42EAC20728DBDCED0031CB0A /* HomeViewController.swift */,
			);
			path = Controller;
			sourceTree = "<group>";
		};
		336CED3628DCA14300C2D6C5 /* Extensions */ = {
			isa = PBXGroup;
			children = (
				336CED2F28DC937B00C2D6C5 /* URLRequest+Extensions.swift */,
			);
			path = Extensions;
			sourceTree = "<group>";
		};
		42EAC1F728DBDCED0031CB0A = {
			isa = PBXGroup;
			children = (
				42EAC20228DBDCED0031CB0A /* NewsApp */,
				42EAC20128DBDCED0031CB0A /* Products */,
			);
			sourceTree = "<group>";
		};
		42EAC20128DBDCED0031CB0A /* Products */ = {
			isa = PBXGroup;
			children = (
				42EAC20028DBDCED0031CB0A /* NewsApp.app */,
			);
			name = Products;
			sourceTree = "<group>";
		};
		42EAC20228DBDCED0031CB0A /* NewsApp */ = {
			isa = PBXGroup;
			children = (
				336CED3228DCA0E000C2D6C5 /* Application */,
				336CED3128DCA0D500C2D6C5 /* View */,
				336CED2C28DC84E700C2D6C5 /* Model */,
				336CED3628DCA14300C2D6C5 /* Extensions */,
				42EAC20C28DBDCEF0031CB0A /* Assets.xcassets */,
				42EAC20E28DBDCEF0031CB0A /* LaunchScreen.storyboard */,
				42EAC21128DBDCEF0031CB0A /* Info.plist */,
			);
			path = NewsApp;
			sourceTree = "<group>";
		};
/* End PBXGroup section */

/* Begin PBXNativeTarget section */
		42EAC1FF28DBDCED0031CB0A /* NewsApp */ = {
			isa = PBXNativeTarget;
			buildConfigurationList = 42EAC21428DBDCEF0031CB0A /* Build configuration list for PBXNativeTarget "NewsApp" */;
			buildPhases = (
				42EAC1FC28DBDCED0031CB0A /* Sources */,
				42EAC1FD28DBDCED0031CB0A /* Frameworks */,
				42EAC1FE28DBDCED0031CB0A /* Resources */,
			);
			buildRules = (
			);
			dependencies = (
			);
			name = NewsApp;
			packageProductDependencies = (
				42EAC21828DBDD1B0031CB0A /* RxCocoa */,
				42EAC21A28DBDD1B0031CB0A /* RxSwift */,
			);
			productName = NewsApp;
			productReference = 42EAC20028DBDCED0031CB0A /* NewsApp.app */;
			productType = "com.apple.product-type.application";
		};
/* End PBXNativeTarget section */

/* Begin PBXProject section */
		42EAC1F828DBDCED0031CB0A /* Project object */ = {
			isa = PBXProject;
			attributes = {
				BuildIndependentTargetsInParallel = 1;
				LastSwiftUpdateCheck = 1340;
				LastUpgradeCheck = 1340;
				TargetAttributes = {
					42EAC1FF28DBDCED0031CB0A = {
						CreatedOnToolsVersion = 13.4.1;
					};
				};
			};
			buildConfigurationList = 42EAC1FB28DBDCED0031CB0A /* Build configuration list for PBXProject "NewsApp" */;
			compatibilityVersion = "Xcode 13.0";
			developmentRegion = en;
			hasScannedForEncodings = 0;
			knownRegions = (
				en,
				Base,
			);
			mainGroup = 42EAC1F728DBDCED0031CB0A;
			packageReferences = (
				42EAC21728DBDD1B0031CB0A /* XCRemoteSwiftPackageReference "RxSwift" */,
			);
			productRefGroup = 42EAC20128DBDCED0031CB0A /* Products */;
			projectDirPath = "";
			projectRoot = "";
			targets = (
				42EAC1FF28DBDCED0031CB0A /* NewsApp */,
			);
		};
/* End PBXProject section */

/* Begin PBXResourcesBuildPhase section */
		42EAC1FE28DBDCED0031CB0A /* Resources */ = {
			isa = PBXResourcesBuildPhase;
			buildActionMask = 2147483647;
			files = (
				42EAC21028DBDCEF0031CB0A /* LaunchScreen.storyboard in Resources */,
				42EAC20D28DBDCEF0031CB0A /* Assets.xcassets in Resources */,
				42EAC20B28DBDCED0031CB0A /* Main.storyboard in Resources */,
			);
			runOnlyForDeploymentPostprocessing = 0;
		};
/* End PBXResourcesBuildPhase section */

/* Begin PBXSourcesBuildPhase section */
		42EAC1FC28DBDCED0031CB0A /* Sources */ = {
			isa = PBXSourcesBuildPhase;
			buildActionMask = 2147483647;
			files = (
				42EAC20828DBDCED0031CB0A /* HomeViewController.swift in Sources */,
				42EAC20428DBDCED0031CB0A /* AppDelegate.swift in Sources */,
				336CED2E28DC8A3600C2D6C5 /* NewsTableViewCell.swift in Sources */,
				42EAC20628DBDCED0031CB0A /* SceneDelegate.swift in Sources */,
				336CED3028DC937B00C2D6C5 /* URLRequest+Extensions.swift in Sources */,
				336CED2B28DC84E400C2D6C5 /* Article.swift in Sources */,
			);
			runOnlyForDeploymentPostprocessing = 0;
		};
/* End PBXSourcesBuildPhase section */

/* Begin PBXVariantGroup section */
		42EAC20928DBDCED0031CB0A /* Main.storyboard */ = {
			isa = PBXVariantGroup;
			children = (
				42EAC20A28DBDCED0031CB0A /* Base */,
			);
			name = Main.storyboard;
			sourceTree = "<group>";
		};
		42EAC20E28DBDCEF0031CB0A /* LaunchScreen.storyboard */ = {
			isa = PBXVariantGroup;
			children = (
				42EAC20F28DBDCEF0031CB0A /* Base */,
			);
			name = LaunchScreen.storyboard;
			sourceTree = "<group>";
		};
/* End PBXVariantGroup section */

/* Begin XCBuildConfiguration section */
		42EAC21228DBDCEF0031CB0A /* Debug */ = {
			isa = XCBuildConfiguration;
			buildSettings = {
				ALWAYS_SEARCH_USER_PATHS = NO;
				CLANG_ANALYZER_NONNULL = YES;
				CLANG_ANALYZER_NUMBER_OBJECT_CONVERSION = YES_AGGRESSIVE;
				CLANG_CXX_LANGUAGE_STANDARD = "gnu++17";
				CLANG_ENABLE_MODULES = YES;
				CLANG_ENABLE_OBJC_ARC = YES;
				CLANG_ENABLE_OBJC_WEAK = YES;
				CLANG_WARN_BLOCK_CAPTURE_AUTORELEASING = YES;
				CLANG_WARN_BOOL_CONVERSION = YES;
				CLANG_WARN_COMMA = YES;
				CLANG_WARN_CONSTANT_CONVERSION = YES;
				CLANG_WARN_DEPRECATED_OBJC_IMPLEMENTATIONS = YES;
				CLANG_WARN_DIRECT_OBJC_ISA_USAGE = YES_ERROR;
				CLANG_WARN_DOCUMENTATION_COMMENTS = YES;
				CLANG_WARN_EMPTY_BODY = YES;
				CLANG_WARN_ENUM_CONVERSION = YES;
				CLANG_WARN_INFINITE_RECURSION = YES;
				CLANG_WARN_INT_CONVERSION = YES;
				CLANG_WARN_NON_LITERAL_NULL_CONVERSION = YES;
				CLANG_WARN_OBJC_IMPLICIT_RETAIN_SELF = YES;
				CLANG_WARN_OBJC_LITERAL_CONVERSION = YES;
				CLANG_WARN_OBJC_ROOT_CLASS = YES_ERROR;
				CLANG_WARN_QUOTED_INCLUDE_IN_FRAMEWORK_HEADER = YES;
				CLANG_WARN_RANGE_LOOP_ANALYSIS = YES;
				CLANG_WARN_STRICT_PROTOTYPES = YES;
				CLANG_WARN_SUSPICIOUS_MOVE = YES;
				CLANG_WARN_UNGUARDED_AVAILABILITY = YES_AGGRESSIVE;
				CLANG_WARN_UNREACHABLE_CODE = YES;
				CLANG_WARN__DUPLICATE_METHOD_MATCH = YES;
				COPY_PHASE_STRIP = NO;
				DEBUG_INFORMATION_FORMAT = dwarf;
				ENABLE_STRICT_OBJC_MSGSEND = YES;
				ENABLE_TESTABILITY = YES;
				GCC_C_LANGUAGE_STANDARD = gnu11;
				GCC_DYNAMIC_NO_PIC = NO;
				GCC_NO_COMMON_BLOCKS = YES;
				GCC_OPTIMIZATION_LEVEL = 0;
				GCC_PREPROCESSOR_DEFINITIONS = (
					"DEBUG=1",
					"$(inherited)",
				);
				GCC_WARN_64_TO_32_BIT_CONVERSION = YES;
				GCC_WARN_ABOUT_RETURN_TYPE = YES_ERROR;
				GCC_WARN_UNDECLARED_SELECTOR = YES;
				GCC_WARN_UNINITIALIZED_AUTOS = YES_AGGRESSIVE;
				GCC_WARN_UNUSED_FUNCTION = YES;
				GCC_WARN_UNUSED_VARIABLE = YES;
				IPHONEOS_DEPLOYMENT_TARGET = 15.5;
				MTL_ENABLE_DEBUG_INFO = INCLUDE_SOURCE;
				MTL_FAST_MATH = YES;
				ONLY_ACTIVE_ARCH = YES;
				SDKROOT = iphoneos;
				SWIFT_ACTIVE_COMPILATION_CONDITIONS = DEBUG;
				SWIFT_OPTIMIZATION_LEVEL = "-Onone";
			};
			name = Debug;
		};
		42EAC21328DBDCEF0031CB0A /* Release */ = {
			isa = XCBuildConfiguration;
			buildSettings = {
				ALWAYS_SEARCH_USER_PATHS = NO;
				CLANG_ANALYZER_NONNULL = YES;
				CLANG_ANALYZER_NUMBER_OBJECT_CONVERSION = YES_AGGRESSIVE;
				CLANG_CXX_LANGUAGE_STANDARD = "gnu++17";
				CLANG_ENABLE_MODULES = YES;
				CLANG_ENABLE_OBJC_ARC = YES;
				CLANG_ENABLE_OBJC_WEAK = YES;
				CLANG_WARN_BLOCK_CAPTURE_AUTORELEASING = YES;
				CLANG_WARN_BOOL_CONVERSION = YES;
				CLANG_WARN_COMMA = YES;
				CLANG_WARN_CONSTANT_CONVERSION = YES;
				CLANG_WARN_DEPRECATED_OBJC_IMPLEMENTATIONS = YES;
				CLANG_WARN_DIRECT_OBJC_ISA_USAGE = YES_ERROR;
				CLANG_WARN_DOCUMENTATION_COMMENTS = YES;
				CLANG_WARN_EMPTY_BODY = YES;
				CLANG_WARN_ENUM_CONVERSION = YES;
				CLANG_WARN_INFINITE_RECURSION = YES;
				CLANG_WARN_INT_CONVERSION = YES;
				CLANG_WARN_NON_LITERAL_NULL_CONVERSION = YES;
				CLANG_WARN_OBJC_IMPLICIT_RETAIN_SELF = YES;
				CLANG_WARN_OBJC_LITERAL_CONVERSION = YES;
				CLANG_WARN_OBJC_ROOT_CLASS = YES_ERROR;
				CLANG_WARN_QUOTED_INCLUDE_IN_FRAMEWORK_HEADER = YES;
				CLANG_WARN_RANGE_LOOP_ANALYSIS = YES;
				CLANG_WARN_STRICT_PROTOTYPES = YES;
				CLANG_WARN_SUSPICIOUS_MOVE = YES;
				CLANG_WARN_UNGUARDED_AVAILABILITY = YES_AGGRESSIVE;
				CLANG_WARN_UNREACHABLE_CODE = YES;
				CLANG_WARN__DUPLICATE_METHOD_MATCH = YES;
				COPY_PHASE_STRIP = NO;
				DEBUG_INFORMATION_FORMAT = "dwarf-with-dsym";
				ENABLE_NS_ASSERTIONS = NO;
				ENABLE_STRICT_OBJC_MSGSEND = YES;
				GCC_C_LANGUAGE_STANDARD = gnu11;
				GCC_NO_COMMON_BLOCKS = YES;
				GCC_WARN_64_TO_32_BIT_CONVERSION = YES;
				GCC_WARN_ABOUT_RETURN_TYPE = YES_ERROR;
				GCC_WARN_UNDECLARED_SELECTOR = YES;
				GCC_WARN_UNINITIALIZED_AUTOS = YES_AGGRESSIVE;
				GCC_WARN_UNUSED_FUNCTION = YES;
				GCC_WARN_UNUSED_VARIABLE = YES;
				IPHONEOS_DEPLOYMENT_TARGET = 15.5;
				MTL_ENABLE_DEBUG_INFO = NO;
				MTL_FAST_MATH = YES;
				SDKROOT = iphoneos;
				SWIFT_COMPILATION_MODE = wholemodule;
				SWIFT_OPTIMIZATION_LEVEL = "-O";
				VALIDATE_PRODUCT = YES;
			};
			name = Release;
		};
		42EAC21528DBDCEF0031CB0A /* Debug */ = {
			isa = XCBuildConfiguration;
			buildSettings = {
				ASSETCATALOG_COMPILER_APPICON_NAME = AppIcon;
				ASSETCATALOG_COMPILER_GLOBAL_ACCENT_COLOR_NAME = AccentColor;
				CODE_SIGN_STYLE = Automatic;
				CURRENT_PROJECT_VERSION = 1;
				DEVELOPMENT_TEAM = CTDN3273R3;
				GENERATE_INFOPLIST_FILE = YES;
				INFOPLIST_FILE = NewsApp/Info.plist;
				INFOPLIST_KEY_UIApplicationSupportsIndirectInputEvents = YES;
				INFOPLIST_KEY_UILaunchStoryboardName = LaunchScreen;
				INFOPLIST_KEY_UIMainStoryboardFile = Main;
				INFOPLIST_KEY_UISupportedInterfaceOrientations_iPad = "UIInterfaceOrientationPortrait UIInterfaceOrientationPortraitUpsideDown UIInterfaceOrientationLandscapeLeft UIInterfaceOrientationLandscapeRight";
				INFOPLIST_KEY_UISupportedInterfaceOrientations_iPhone = "UIInterfaceOrientationPortrait UIInterfaceOrientationLandscapeLeft UIInterfaceOrientationLandscapeRight";
				LD_RUNPATH_SEARCH_PATHS = (
					"$(inherited)",
					"@executable_path/Frameworks",
				);
				MARKETING_VERSION = 1.0;
				PRODUCT_BUNDLE_IDENTIFIER = vhenriquebm.NewsApp;
				PRODUCT_NAME = "$(TARGET_NAME)";
				SWIFT_EMIT_LOC_STRINGS = YES;
				SWIFT_VERSION = 5.0;
				TARGETED_DEVICE_FAMILY = "1,2";
			};
			name = Debug;
		};
		42EAC21628DBDCEF0031CB0A /* Release */ = {
			isa = XCBuildConfiguration;
			buildSettings = {
				ASSETCATALOG_COMPILER_APPICON_NAME = AppIcon;
				ASSETCATALOG_COMPILER_GLOBAL_ACCENT_COLOR_NAME = AccentColor;
				CODE_SIGN_STYLE = Automatic;
				CURRENT_PROJECT_VERSION = 1;
				DEVELOPMENT_TEAM = CTDN3273R3;
				GENERATE_INFOPLIST_FILE = YES;
				INFOPLIST_FILE = NewsApp/Info.plist;
				INFOPLIST_KEY_UIApplicationSupportsIndirectInputEvents = YES;
				INFOPLIST_KEY_UILaunchStoryboardName = LaunchScreen;
				INFOPLIST_KEY_UIMainStoryboardFile = Main;
				INFOPLIST_KEY_UISupportedInterfaceOrientations_iPad = "UIInterfaceOrientationPortrait UIInterfaceOrientationPortraitUpsideDown UIInterfaceOrientationLandscapeLeft UIInterfaceOrientationLandscapeRight";
				INFOPLIST_KEY_UISupportedInterfaceOrientations_iPhone = "UIInterfaceOrientationPortrait UIInterfaceOrientationLandscapeLeft UIInterfaceOrientationLandscapeRight";
				LD_RUNPATH_SEARCH_PATHS = (
					"$(inherited)",
					"@executable_path/Frameworks",
				);
				MARKETING_VERSION = 1.0;
				PRODUCT_BUNDLE_IDENTIFIER = vhenriquebm.NewsApp;
				PRODUCT_NAME = "$(TARGET_NAME)";
				SWIFT_EMIT_LOC_STRINGS = YES;
				SWIFT_VERSION = 5.0;
				TARGETED_DEVICE_FAMILY = "1,2";
			};
			name = Release;
		};
/* End XCBuildConfiguration section */

/* Begin XCConfigurationList section */
		42EAC1FB28DBDCED0031CB0A /* Build configuration list for PBXProject "NewsApp" */ = {
			isa = XCConfigurationList;
			buildConfigurations = (
				42EAC21228DBDCEF0031CB0A /* Debug */,
				42EAC21328DBDCEF0031CB0A /* Release */,
			);
			defaultConfigurationIsVisible = 0;
			defaultConfigurationName = Release;
		};
		42EAC21428DBDCEF0031CB0A /* Build configuration list for PBXNativeTarget "NewsApp" */ = {
			isa = XCConfigurationList;
			buildConfigurations = (
				42EAC21528DBDCEF0031CB0A /* Debug */,
				42EAC21628DBDCEF0031CB0A /* Release */,
			);
			defaultConfigurationIsVisible = 0;
			defaultConfigurationName = Release;
		};
/* End XCConfigurationList section */

/* Begin XCRemoteSwiftPackageReference section */
		42EAC21728DBDD1B0031CB0A /* XCRemoteSwiftPackageReference "RxSwift" */ = {
			isa = XCRemoteSwiftPackageReference;
			repositoryURL = "https://github.com/ReactiveX/RxSwift";
			requirement = {
				kind = upToNextMajorVersion;
				minimumVersion = 6.0.0;
			};
		};
/* End XCRemoteSwiftPackageReference section */

/* Begin XCSwiftPackageProductDependency section */
		42EAC21828DBDD1B0031CB0A /* RxCocoa */ = {
			isa = XCSwiftPackageProductDependency;
			package = 42EAC21728DBDD1B0031CB0A /* XCRemoteSwiftPackageReference "RxSwift" */;
			productName = RxCocoa;
		};
		42EAC21A28DBDD1B0031CB0A /* RxSwift */ = {
			isa = XCSwiftPackageProductDependency;
			package = 42EAC21728DBDD1B0031CB0A /* XCRemoteSwiftPackageReference "RxSwift" */;
			productName = RxSwift;
		};
/* End XCSwiftPackageProductDependency section */
	};
	rootObject = 42EAC1F828DBDCED0031CB0A /* Project object */;
}
